
Microsoft Visual Studio Solution File, Format Version 12.00
# Visual Studio 15
VisualStudioVersion = 15.0.26124.0
MinimumVisualStudioVersion = 15.0.26124.0
Project("{FAE04EC0-301F-11D3-BF4B-00C04F79EFBC}") = "Base.Server", "Base.Server\Base.Server.csproj", "{361E2747-918F-4EB4-82B2-E843E4CC7514}"
EndProject
Project("{FAE04EC0-301F-11D3-BF4B-00C04F79EFBC}") = "Common", "Common\Common.csproj", "{7DCE8D9E-D81E-4863-80D7-8DB49A5A9C77}"
EndProject
Project("{FAE04EC0-301F-11D3-BF4B-00C04F79EFBC}") = "Proto", "Proto\Proto.csproj", "{DCB16077-CDEA-48B1-9E5E-71B16CB7BFBE}"
EndProject
Project("{FAE04EC0-301F-11D3-BF4B-00C04F79EFBC}") = "Base.Matcher", "Base.Matcher\Base.Matcher.csproj", "{CA3960D3-C615-4EDF-9A09-1EAEEE4034B7}"
EndProject
Project("{FAE04EC0-301F-11D3-BF4B-00C04F79EFBC}") = "DataModel", "DataModel\DataModel.csproj", "{75F6C177-D5F6-4F88-BBFF-F226282C56DD}"
EndProject
Project("{FAE04EC0-301F-11D3-BF4B-00C04F79EFBC}") = "DataModel.Test", "DataModel.Test\DataModel.Test.csproj", "{644A838B-9D34-4327-9BC4-274492B3EE80}"
EndProject
Project("{FAE04EC0-301F-11D3-BF4B-00C04F79EFBC}") = "MemoryStore", "MemoryStore\MemoryStore.csproj", "{650446B8-74A2-43AF-998A-9E7F92761F22}"
EndProject
Project("{FAE04EC0-301F-11D3-BF4B-00C04F79EFBC}") = "MemoryStore.Test", "MemoryStore.Test\MemoryStore.Test.csproj", "{DC13A7CB-FC17-4CD7-BE2A-5E4D69E142CC}"
EndProject
Project("{FAE04EC0-301F-11D3-BF4B-00C04F79EFBC}") = "Gateway", "Gateway\Gateway.csproj", "{D180398A-CC1C-4520-806F-E89ED77F6C88}"
EndProject
Project("{FAE04EC0-301F-11D3-BF4B-00C04F79EFBC}") = "Gateway.Test", "Gateway.Test\Gateway.Test.csproj", "{D4CEADFE-ADE6-40BA-B566-7DF30E09F7BD}"
EndProject
Project("{FAE04EC0-301F-11D3-BF4B-00C04F79EFBC}") = "GatewayInternal", "GatewayInternal\GatewayInternal.csproj", "{635BCD58-DF3E-4184-86A1-7D9960D7969C}"
EndProject
Project("{FAE04EC0-301F-11D3-BF4B-00C04F79EFBC}") = "GatewayInternal.Test", "GatewayInternal.Test\GatewayInternal.Test.csproj", "{459BF7C5-4D6A-4962-BC42-08BE9D70BB17}"
EndProject
Project("{FAE04EC0-301F-11D3-BF4B-00C04F79EFBC}") = "Party", "Party\Party.csproj", "{57F62640-6F8E-4214-ACBC-A6804950DAC3}"
EndProject
Project("{FAE04EC0-301F-11D3-BF4B-00C04F79EFBC}") = "Party.Test", "Party.Test\Party.Test.csproj", "{A85E2A95-C889-4679-AEF7-50CB2512C47E}"
EndProject
Project("{FAE04EC0-301F-11D3-BF4B-00C04F79EFBC}") = "IntegrationTest", "IntegrationTest\IntegrationTest.csproj", "{0B9BFFD6-0426-4637-A1E9-30CD4F1C5616}"
EndProject
Project("{FAE04EC0-301F-11D3-BF4B-00C04F79EFBC}") = "IntegrationTest.Matcher", "IntegrationTest.Matcher\IntegrationTest.Matcher.csproj", "{6B0A6344-A1EF-4722-93F4-E2D147242F3C}"
EndProject
Project("{FAE04EC0-301F-11D3-BF4B-00C04F79EFBC}") = "PlayFabAuth", "PlayFabAuth\PlayFabAuth.csproj", "{9FB446D1-D34D-4ACF-A1FB-C6AE57763629}"
EndProject
Project("{FAE04EC0-301F-11D3-BF4B-00C04F79EFBC}") = "SampleMatcher", "SampleMatcher\SampleMatcher.csproj", "{524B527D-2E22-40D0-A0D1-E408C59F49CD}"
EndProject
Project("{FAE04EC0-301F-11D3-BF4B-00C04F79EFBC}") = "DeploymentPool", "DeploymentPool\DeploymentPool.csproj", "{457C5016-6B75-4DCD-BFFE-52D5D88D939F}"
EndProject
Project("{FAE04EC0-301F-11D3-BF4B-00C04F79EFBC}") = "SampleClient", "SampleClient\SampleClient.csproj", "{129B6909-C09E-4D73-A877-9262E68D62B6}"
EndProject
Project("{FAE04EC0-301F-11D3-BF4B-00C04F79EFBC}") = "DeploymentPool.Test", "DeploymentPool.Test\DeploymentPool.Test.csproj", "{9D436F1A-2352-4213-8316-9B36D7E5F1F7}"
EndProject
Project("{FAE04EC0-301F-11D3-BF4B-00C04F79EFBC}") = "DeploymentMetadata", "DeploymentMetadata\DeploymentMetadata.csproj", "{7BE8C878-FC96-4B0B-90A3-9B51538C7558}"
EndProject
Project("{FAE04EC0-301F-11D3-BF4B-00C04F79EFBC}") = "DeploymentMetadata.Test", "DeploymentMetadata.Test\DeploymentMetadata.Test.csproj", "{5AED6BE5-73C8-4FF0-97EA-11F8B4E3B18D}"
EndProject
Global
	GlobalSection(SolutionConfigurationPlatforms) = preSolution
		Debug|Any CPU = Debug|Any CPU
		Debug|x64 = Debug|x64
		Debug|x86 = Debug|x86
		Release|Any CPU = Release|Any CPU
		Release|x64 = Release|x64
		Release|x86 = Release|x86
	EndGlobalSection
	GlobalSection(SolutionProperties) = preSolution
		HideSolutionNode = FALSE
	EndGlobalSection
	GlobalSection(ProjectConfigurationPlatforms) = postSolution
		{361E2747-918F-4EB4-82B2-E843E4CC7514}.Debug|Any CPU.ActiveCfg = Debug|Any CPU
		{361E2747-918F-4EB4-82B2-E843E4CC7514}.Debug|Any CPU.Build.0 = Debug|Any CPU
		{361E2747-918F-4EB4-82B2-E843E4CC7514}.Debug|x64.ActiveCfg = Debug|Any CPU
		{361E2747-918F-4EB4-82B2-E843E4CC7514}.Debug|x64.Build.0 = Debug|Any CPU
		{361E2747-918F-4EB4-82B2-E843E4CC7514}.Debug|x86.ActiveCfg = Debug|Any CPU
		{361E2747-918F-4EB4-82B2-E843E4CC7514}.Debug|x86.Build.0 = Debug|Any CPU
		{361E2747-918F-4EB4-82B2-E843E4CC7514}.Release|Any CPU.ActiveCfg = Release|Any CPU
		{361E2747-918F-4EB4-82B2-E843E4CC7514}.Release|Any CPU.Build.0 = Release|Any CPU
		{361E2747-918F-4EB4-82B2-E843E4CC7514}.Release|x64.ActiveCfg = Release|Any CPU
		{361E2747-918F-4EB4-82B2-E843E4CC7514}.Release|x64.Build.0 = Release|Any CPU
		{361E2747-918F-4EB4-82B2-E843E4CC7514}.Release|x86.ActiveCfg = Release|Any CPU
		{361E2747-918F-4EB4-82B2-E843E4CC7514}.Release|x86.Build.0 = Release|Any CPU
		{7DCE8D9E-D81E-4863-80D7-8DB49A5A9C77}.Debug|Any CPU.ActiveCfg = Debug|Any CPU
		{7DCE8D9E-D81E-4863-80D7-8DB49A5A9C77}.Debug|Any CPU.Build.0 = Debug|Any CPU
		{7DCE8D9E-D81E-4863-80D7-8DB49A5A9C77}.Debug|x64.ActiveCfg = Debug|Any CPU
		{7DCE8D9E-D81E-4863-80D7-8DB49A5A9C77}.Debug|x64.Build.0 = Debug|Any CPU
		{7DCE8D9E-D81E-4863-80D7-8DB49A5A9C77}.Debug|x86.ActiveCfg = Debug|Any CPU
		{7DCE8D9E-D81E-4863-80D7-8DB49A5A9C77}.Debug|x86.Build.0 = Debug|Any CPU
		{7DCE8D9E-D81E-4863-80D7-8DB49A5A9C77}.Release|Any CPU.ActiveCfg = Release|Any CPU
		{7DCE8D9E-D81E-4863-80D7-8DB49A5A9C77}.Release|Any CPU.Build.0 = Release|Any CPU
		{7DCE8D9E-D81E-4863-80D7-8DB49A5A9C77}.Release|x64.ActiveCfg = Release|Any CPU
		{7DCE8D9E-D81E-4863-80D7-8DB49A5A9C77}.Release|x64.Build.0 = Release|Any CPU
		{7DCE8D9E-D81E-4863-80D7-8DB49A5A9C77}.Release|x86.ActiveCfg = Release|Any CPU
		{7DCE8D9E-D81E-4863-80D7-8DB49A5A9C77}.Release|x86.Build.0 = Release|Any CPU
		{DCB16077-CDEA-48B1-9E5E-71B16CB7BFBE}.Debug|Any CPU.ActiveCfg = Debug|Any CPU
		{DCB16077-CDEA-48B1-9E5E-71B16CB7BFBE}.Debug|Any CPU.Build.0 = Debug|Any CPU
		{DCB16077-CDEA-48B1-9E5E-71B16CB7BFBE}.Debug|x64.ActiveCfg = Debug|Any CPU
		{DCB16077-CDEA-48B1-9E5E-71B16CB7BFBE}.Debug|x64.Build.0 = Debug|Any CPU
		{DCB16077-CDEA-48B1-9E5E-71B16CB7BFBE}.Debug|x86.ActiveCfg = Debug|Any CPU
		{DCB16077-CDEA-48B1-9E5E-71B16CB7BFBE}.Debug|x86.Build.0 = Debug|Any CPU
		{DCB16077-CDEA-48B1-9E5E-71B16CB7BFBE}.Release|Any CPU.ActiveCfg = Release|Any CPU
		{DCB16077-CDEA-48B1-9E5E-71B16CB7BFBE}.Release|Any CPU.Build.0 = Release|Any CPU
		{DCB16077-CDEA-48B1-9E5E-71B16CB7BFBE}.Release|x64.ActiveCfg = Release|Any CPU
		{DCB16077-CDEA-48B1-9E5E-71B16CB7BFBE}.Release|x64.Build.0 = Release|Any CPU
		{DCB16077-CDEA-48B1-9E5E-71B16CB7BFBE}.Release|x86.ActiveCfg = Release|Any CPU
		{DCB16077-CDEA-48B1-9E5E-71B16CB7BFBE}.Release|x86.Build.0 = Release|Any CPU
		{CA3960D3-C615-4EDF-9A09-1EAEEE4034B7}.Debug|Any CPU.ActiveCfg = Debug|Any CPU
		{CA3960D3-C615-4EDF-9A09-1EAEEE4034B7}.Debug|Any CPU.Build.0 = Debug|Any CPU
		{CA3960D3-C615-4EDF-9A09-1EAEEE4034B7}.Debug|x64.ActiveCfg = Debug|Any CPU
		{CA3960D3-C615-4EDF-9A09-1EAEEE4034B7}.Debug|x64.Build.0 = Debug|Any CPU
		{CA3960D3-C615-4EDF-9A09-1EAEEE4034B7}.Debug|x86.ActiveCfg = Debug|Any CPU
		{CA3960D3-C615-4EDF-9A09-1EAEEE4034B7}.Debug|x86.Build.0 = Debug|Any CPU
		{CA3960D3-C615-4EDF-9A09-1EAEEE4034B7}.Release|Any CPU.ActiveCfg = Release|Any CPU
		{CA3960D3-C615-4EDF-9A09-1EAEEE4034B7}.Release|Any CPU.Build.0 = Release|Any CPU
		{CA3960D3-C615-4EDF-9A09-1EAEEE4034B7}.Release|x64.ActiveCfg = Release|Any CPU
		{CA3960D3-C615-4EDF-9A09-1EAEEE4034B7}.Release|x64.Build.0 = Release|Any CPU
		{CA3960D3-C615-4EDF-9A09-1EAEEE4034B7}.Release|x86.ActiveCfg = Release|Any CPU
		{CA3960D3-C615-4EDF-9A09-1EAEEE4034B7}.Release|x86.Build.0 = Release|Any CPU
		{75F6C177-D5F6-4F88-BBFF-F226282C56DD}.Debug|Any CPU.ActiveCfg = Debug|Any CPU
		{75F6C177-D5F6-4F88-BBFF-F226282C56DD}.Debug|Any CPU.Build.0 = Debug|Any CPU
		{75F6C177-D5F6-4F88-BBFF-F226282C56DD}.Debug|x64.ActiveCfg = Debug|Any CPU
		{75F6C177-D5F6-4F88-BBFF-F226282C56DD}.Debug|x64.Build.0 = Debug|Any CPU
		{75F6C177-D5F6-4F88-BBFF-F226282C56DD}.Debug|x86.ActiveCfg = Debug|Any CPU
		{75F6C177-D5F6-4F88-BBFF-F226282C56DD}.Debug|x86.Build.0 = Debug|Any CPU
		{75F6C177-D5F6-4F88-BBFF-F226282C56DD}.Release|Any CPU.ActiveCfg = Release|Any CPU
		{75F6C177-D5F6-4F88-BBFF-F226282C56DD}.Release|Any CPU.Build.0 = Release|Any CPU
		{75F6C177-D5F6-4F88-BBFF-F226282C56DD}.Release|x64.ActiveCfg = Release|Any CPU
		{75F6C177-D5F6-4F88-BBFF-F226282C56DD}.Release|x64.Build.0 = Release|Any CPU
		{75F6C177-D5F6-4F88-BBFF-F226282C56DD}.Release|x86.ActiveCfg = Release|Any CPU
		{75F6C177-D5F6-4F88-BBFF-F226282C56DD}.Release|x86.Build.0 = Release|Any CPU
		{644A838B-9D34-4327-9BC4-274492B3EE80}.Debug|Any CPU.ActiveCfg = Debug|Any CPU
		{644A838B-9D34-4327-9BC4-274492B3EE80}.Debug|Any CPU.Build.0 = Debug|Any CPU
		{644A838B-9D34-4327-9BC4-274492B3EE80}.Debug|x64.ActiveCfg = Debug|Any CPU
		{644A838B-9D34-4327-9BC4-274492B3EE80}.Debug|x64.Build.0 = Debug|Any CPU
		{644A838B-9D34-4327-9BC4-274492B3EE80}.Debug|x86.ActiveCfg = Debug|Any CPU
		{644A838B-9D34-4327-9BC4-274492B3EE80}.Debug|x86.Build.0 = Debug|Any CPU
		{644A838B-9D34-4327-9BC4-274492B3EE80}.Release|Any CPU.ActiveCfg = Release|Any CPU
		{644A838B-9D34-4327-9BC4-274492B3EE80}.Release|Any CPU.Build.0 = Release|Any CPU
		{644A838B-9D34-4327-9BC4-274492B3EE80}.Release|x64.ActiveCfg = Release|Any CPU
		{644A838B-9D34-4327-9BC4-274492B3EE80}.Release|x64.Build.0 = Release|Any CPU
		{644A838B-9D34-4327-9BC4-274492B3EE80}.Release|x86.ActiveCfg = Release|Any CPU
		{644A838B-9D34-4327-9BC4-274492B3EE80}.Release|x86.Build.0 = Release|Any CPU
		{650446B8-74A2-43AF-998A-9E7F92761F22}.Debug|Any CPU.ActiveCfg = Debug|Any CPU
		{650446B8-74A2-43AF-998A-9E7F92761F22}.Debug|Any CPU.Build.0 = Debug|Any CPU
		{650446B8-74A2-43AF-998A-9E7F92761F22}.Debug|x64.ActiveCfg = Debug|Any CPU
		{650446B8-74A2-43AF-998A-9E7F92761F22}.Debug|x64.Build.0 = Debug|Any CPU
		{650446B8-74A2-43AF-998A-9E7F92761F22}.Debug|x86.ActiveCfg = Debug|Any CPU
		{650446B8-74A2-43AF-998A-9E7F92761F22}.Debug|x86.Build.0 = Debug|Any CPU
		{650446B8-74A2-43AF-998A-9E7F92761F22}.Release|Any CPU.ActiveCfg = Release|Any CPU
		{650446B8-74A2-43AF-998A-9E7F92761F22}.Release|Any CPU.Build.0 = Release|Any CPU
		{650446B8-74A2-43AF-998A-9E7F92761F22}.Release|x64.ActiveCfg = Release|Any CPU
		{650446B8-74A2-43AF-998A-9E7F92761F22}.Release|x64.Build.0 = Release|Any CPU
		{650446B8-74A2-43AF-998A-9E7F92761F22}.Release|x86.ActiveCfg = Release|Any CPU
		{650446B8-74A2-43AF-998A-9E7F92761F22}.Release|x86.Build.0 = Release|Any CPU
		{DC13A7CB-FC17-4CD7-BE2A-5E4D69E142CC}.Debug|Any CPU.ActiveCfg = Debug|Any CPU
		{DC13A7CB-FC17-4CD7-BE2A-5E4D69E142CC}.Debug|Any CPU.Build.0 = Debug|Any CPU
		{DC13A7CB-FC17-4CD7-BE2A-5E4D69E142CC}.Debug|x64.ActiveCfg = Debug|Any CPU
		{DC13A7CB-FC17-4CD7-BE2A-5E4D69E142CC}.Debug|x64.Build.0 = Debug|Any CPU
		{DC13A7CB-FC17-4CD7-BE2A-5E4D69E142CC}.Debug|x86.ActiveCfg = Debug|Any CPU
		{DC13A7CB-FC17-4CD7-BE2A-5E4D69E142CC}.Debug|x86.Build.0 = Debug|Any CPU
		{DC13A7CB-FC17-4CD7-BE2A-5E4D69E142CC}.Release|Any CPU.ActiveCfg = Release|Any CPU
		{DC13A7CB-FC17-4CD7-BE2A-5E4D69E142CC}.Release|Any CPU.Build.0 = Release|Any CPU
		{DC13A7CB-FC17-4CD7-BE2A-5E4D69E142CC}.Release|x64.ActiveCfg = Release|Any CPU
		{DC13A7CB-FC17-4CD7-BE2A-5E4D69E142CC}.Release|x64.Build.0 = Release|Any CPU
		{DC13A7CB-FC17-4CD7-BE2A-5E4D69E142CC}.Release|x86.ActiveCfg = Release|Any CPU
		{DC13A7CB-FC17-4CD7-BE2A-5E4D69E142CC}.Release|x86.Build.0 = Release|Any CPU
		{D180398A-CC1C-4520-806F-E89ED77F6C88}.Debug|Any CPU.ActiveCfg = Debug|Any CPU
		{D180398A-CC1C-4520-806F-E89ED77F6C88}.Debug|Any CPU.Build.0 = Debug|Any CPU
		{D180398A-CC1C-4520-806F-E89ED77F6C88}.Debug|x64.ActiveCfg = Debug|Any CPU
		{D180398A-CC1C-4520-806F-E89ED77F6C88}.Debug|x64.Build.0 = Debug|Any CPU
		{D180398A-CC1C-4520-806F-E89ED77F6C88}.Debug|x86.ActiveCfg = Debug|Any CPU
		{D180398A-CC1C-4520-806F-E89ED77F6C88}.Debug|x86.Build.0 = Debug|Any CPU
		{D180398A-CC1C-4520-806F-E89ED77F6C88}.Release|Any CPU.ActiveCfg = Release|Any CPU
		{D180398A-CC1C-4520-806F-E89ED77F6C88}.Release|Any CPU.Build.0 = Release|Any CPU
		{D180398A-CC1C-4520-806F-E89ED77F6C88}.Release|x64.ActiveCfg = Release|Any CPU
		{D180398A-CC1C-4520-806F-E89ED77F6C88}.Release|x64.Build.0 = Release|Any CPU
		{D180398A-CC1C-4520-806F-E89ED77F6C88}.Release|x86.ActiveCfg = Release|Any CPU
		{D180398A-CC1C-4520-806F-E89ED77F6C88}.Release|x86.Build.0 = Release|Any CPU
		{D4CEADFE-ADE6-40BA-B566-7DF30E09F7BD}.Debug|Any CPU.ActiveCfg = Debug|Any CPU
		{D4CEADFE-ADE6-40BA-B566-7DF30E09F7BD}.Debug|Any CPU.Build.0 = Debug|Any CPU
		{D4CEADFE-ADE6-40BA-B566-7DF30E09F7BD}.Debug|x64.ActiveCfg = Debug|Any CPU
		{D4CEADFE-ADE6-40BA-B566-7DF30E09F7BD}.Debug|x64.Build.0 = Debug|Any CPU
		{D4CEADFE-ADE6-40BA-B566-7DF30E09F7BD}.Debug|x86.ActiveCfg = Debug|Any CPU
		{D4CEADFE-ADE6-40BA-B566-7DF30E09F7BD}.Debug|x86.Build.0 = Debug|Any CPU
		{D4CEADFE-ADE6-40BA-B566-7DF30E09F7BD}.Release|Any CPU.ActiveCfg = Release|Any CPU
		{D4CEADFE-ADE6-40BA-B566-7DF30E09F7BD}.Release|Any CPU.Build.0 = Release|Any CPU
		{D4CEADFE-ADE6-40BA-B566-7DF30E09F7BD}.Release|x64.ActiveCfg = Release|Any CPU
		{D4CEADFE-ADE6-40BA-B566-7DF30E09F7BD}.Release|x64.Build.0 = Release|Any CPU
		{D4CEADFE-ADE6-40BA-B566-7DF30E09F7BD}.Release|x86.ActiveCfg = Release|Any CPU
		{D4CEADFE-ADE6-40BA-B566-7DF30E09F7BD}.Release|x86.Build.0 = Release|Any CPU
		{635BCD58-DF3E-4184-86A1-7D9960D7969C}.Debug|Any CPU.ActiveCfg = Debug|Any CPU
		{635BCD58-DF3E-4184-86A1-7D9960D7969C}.Debug|Any CPU.Build.0 = Debug|Any CPU
		{635BCD58-DF3E-4184-86A1-7D9960D7969C}.Debug|x64.ActiveCfg = Debug|Any CPU
		{635BCD58-DF3E-4184-86A1-7D9960D7969C}.Debug|x64.Build.0 = Debug|Any CPU
		{635BCD58-DF3E-4184-86A1-7D9960D7969C}.Debug|x86.ActiveCfg = Debug|Any CPU
		{635BCD58-DF3E-4184-86A1-7D9960D7969C}.Debug|x86.Build.0 = Debug|Any CPU
		{635BCD58-DF3E-4184-86A1-7D9960D7969C}.Release|Any CPU.ActiveCfg = Release|Any CPU
		{635BCD58-DF3E-4184-86A1-7D9960D7969C}.Release|Any CPU.Build.0 = Release|Any CPU
		{635BCD58-DF3E-4184-86A1-7D9960D7969C}.Release|x64.ActiveCfg = Release|Any CPU
		{635BCD58-DF3E-4184-86A1-7D9960D7969C}.Release|x64.Build.0 = Release|Any CPU
		{635BCD58-DF3E-4184-86A1-7D9960D7969C}.Release|x86.ActiveCfg = Release|Any CPU
		{635BCD58-DF3E-4184-86A1-7D9960D7969C}.Release|x86.Build.0 = Release|Any CPU
		{459BF7C5-4D6A-4962-BC42-08BE9D70BB17}.Debug|Any CPU.ActiveCfg = Debug|Any CPU
		{459BF7C5-4D6A-4962-BC42-08BE9D70BB17}.Debug|Any CPU.Build.0 = Debug|Any CPU
		{459BF7C5-4D6A-4962-BC42-08BE9D70BB17}.Debug|x64.ActiveCfg = Debug|Any CPU
		{459BF7C5-4D6A-4962-BC42-08BE9D70BB17}.Debug|x64.Build.0 = Debug|Any CPU
		{459BF7C5-4D6A-4962-BC42-08BE9D70BB17}.Debug|x86.ActiveCfg = Debug|Any CPU
		{459BF7C5-4D6A-4962-BC42-08BE9D70BB17}.Debug|x86.Build.0 = Debug|Any CPU
		{459BF7C5-4D6A-4962-BC42-08BE9D70BB17}.Release|Any CPU.ActiveCfg = Release|Any CPU
		{459BF7C5-4D6A-4962-BC42-08BE9D70BB17}.Release|Any CPU.Build.0 = Release|Any CPU
		{459BF7C5-4D6A-4962-BC42-08BE9D70BB17}.Release|x64.ActiveCfg = Release|Any CPU
		{459BF7C5-4D6A-4962-BC42-08BE9D70BB17}.Release|x64.Build.0 = Release|Any CPU
		{459BF7C5-4D6A-4962-BC42-08BE9D70BB17}.Release|x86.ActiveCfg = Release|Any CPU
		{459BF7C5-4D6A-4962-BC42-08BE9D70BB17}.Release|x86.Build.0 = Release|Any CPU
		{57F62640-6F8E-4214-ACBC-A6804950DAC3}.Debug|Any CPU.ActiveCfg = Debug|Any CPU
		{57F62640-6F8E-4214-ACBC-A6804950DAC3}.Debug|Any CPU.Build.0 = Debug|Any CPU
		{57F62640-6F8E-4214-ACBC-A6804950DAC3}.Debug|x64.ActiveCfg = Debug|Any CPU
		{57F62640-6F8E-4214-ACBC-A6804950DAC3}.Debug|x64.Build.0 = Debug|Any CPU
		{57F62640-6F8E-4214-ACBC-A6804950DAC3}.Debug|x86.ActiveCfg = Debug|Any CPU
		{57F62640-6F8E-4214-ACBC-A6804950DAC3}.Debug|x86.Build.0 = Debug|Any CPU
		{57F62640-6F8E-4214-ACBC-A6804950DAC3}.Release|Any CPU.ActiveCfg = Release|Any CPU
		{57F62640-6F8E-4214-ACBC-A6804950DAC3}.Release|Any CPU.Build.0 = Release|Any CPU
		{57F62640-6F8E-4214-ACBC-A6804950DAC3}.Release|x64.ActiveCfg = Release|Any CPU
		{57F62640-6F8E-4214-ACBC-A6804950DAC3}.Release|x64.Build.0 = Release|Any CPU
		{57F62640-6F8E-4214-ACBC-A6804950DAC3}.Release|x86.ActiveCfg = Release|Any CPU
		{57F62640-6F8E-4214-ACBC-A6804950DAC3}.Release|x86.Build.0 = Release|Any CPU
		{A85E2A95-C889-4679-AEF7-50CB2512C47E}.Debug|Any CPU.ActiveCfg = Debug|Any CPU
		{A85E2A95-C889-4679-AEF7-50CB2512C47E}.Debug|Any CPU.Build.0 = Debug|Any CPU
		{A85E2A95-C889-4679-AEF7-50CB2512C47E}.Debug|x64.ActiveCfg = Debug|Any CPU
		{A85E2A95-C889-4679-AEF7-50CB2512C47E}.Debug|x64.Build.0 = Debug|Any CPU
		{A85E2A95-C889-4679-AEF7-50CB2512C47E}.Debug|x86.ActiveCfg = Debug|Any CPU
		{A85E2A95-C889-4679-AEF7-50CB2512C47E}.Debug|x86.Build.0 = Debug|Any CPU
		{A85E2A95-C889-4679-AEF7-50CB2512C47E}.Release|Any CPU.ActiveCfg = Release|Any CPU
		{A85E2A95-C889-4679-AEF7-50CB2512C47E}.Release|Any CPU.Build.0 = Release|Any CPU
		{A85E2A95-C889-4679-AEF7-50CB2512C47E}.Release|x64.ActiveCfg = Release|Any CPU
		{A85E2A95-C889-4679-AEF7-50CB2512C47E}.Release|x64.Build.0 = Release|Any CPU
		{A85E2A95-C889-4679-AEF7-50CB2512C47E}.Release|x86.ActiveCfg = Release|Any CPU
		{A85E2A95-C889-4679-AEF7-50CB2512C47E}.Release|x86.Build.0 = Release|Any CPU
		{0B9BFFD6-0426-4637-A1E9-30CD4F1C5616}.Debug|Any CPU.ActiveCfg = Debug|Any CPU
		{0B9BFFD6-0426-4637-A1E9-30CD4F1C5616}.Debug|Any CPU.Build.0 = Debug|Any CPU
		{0B9BFFD6-0426-4637-A1E9-30CD4F1C5616}.Debug|x64.ActiveCfg = Debug|Any CPU
		{0B9BFFD6-0426-4637-A1E9-30CD4F1C5616}.Debug|x64.Build.0 = Debug|Any CPU
		{0B9BFFD6-0426-4637-A1E9-30CD4F1C5616}.Debug|x86.ActiveCfg = Debug|Any CPU
		{0B9BFFD6-0426-4637-A1E9-30CD4F1C5616}.Debug|x86.Build.0 = Debug|Any CPU
		{0B9BFFD6-0426-4637-A1E9-30CD4F1C5616}.Release|Any CPU.ActiveCfg = Release|Any CPU
		{0B9BFFD6-0426-4637-A1E9-30CD4F1C5616}.Release|Any CPU.Build.0 = Release|Any CPU
		{0B9BFFD6-0426-4637-A1E9-30CD4F1C5616}.Release|x64.ActiveCfg = Release|Any CPU
		{0B9BFFD6-0426-4637-A1E9-30CD4F1C5616}.Release|x64.Build.0 = Release|Any CPU
		{0B9BFFD6-0426-4637-A1E9-30CD4F1C5616}.Release|x86.ActiveCfg = Release|Any CPU
		{0B9BFFD6-0426-4637-A1E9-30CD4F1C5616}.Release|x86.Build.0 = Release|Any CPU
		{6B0A6344-A1EF-4722-93F4-E2D147242F3C}.Debug|Any CPU.ActiveCfg = Debug|Any CPU
		{6B0A6344-A1EF-4722-93F4-E2D147242F3C}.Debug|Any CPU.Build.0 = Debug|Any CPU
		{6B0A6344-A1EF-4722-93F4-E2D147242F3C}.Debug|x64.ActiveCfg = Debug|Any CPU
		{6B0A6344-A1EF-4722-93F4-E2D147242F3C}.Debug|x64.Build.0 = Debug|Any CPU
		{6B0A6344-A1EF-4722-93F4-E2D147242F3C}.Debug|x86.ActiveCfg = Debug|Any CPU
		{6B0A6344-A1EF-4722-93F4-E2D147242F3C}.Debug|x86.Build.0 = Debug|Any CPU
		{6B0A6344-A1EF-4722-93F4-E2D147242F3C}.Release|Any CPU.ActiveCfg = Release|Any CPU
		{6B0A6344-A1EF-4722-93F4-E2D147242F3C}.Release|Any CPU.Build.0 = Release|Any CPU
		{6B0A6344-A1EF-4722-93F4-E2D147242F3C}.Release|x64.ActiveCfg = Release|Any CPU
		{6B0A6344-A1EF-4722-93F4-E2D147242F3C}.Release|x64.Build.0 = Release|Any CPU
		{6B0A6344-A1EF-4722-93F4-E2D147242F3C}.Release|x86.ActiveCfg = Release|Any CPU
		{6B0A6344-A1EF-4722-93F4-E2D147242F3C}.Release|x86.Build.0 = Release|Any CPU
		{9FB446D1-D34D-4ACF-A1FB-C6AE57763629}.Debug|Any CPU.ActiveCfg = Debug|Any CPU
		{9FB446D1-D34D-4ACF-A1FB-C6AE57763629}.Debug|Any CPU.Build.0 = Debug|Any CPU
		{9FB446D1-D34D-4ACF-A1FB-C6AE57763629}.Debug|x64.ActiveCfg = Debug|Any CPU
		{9FB446D1-D34D-4ACF-A1FB-C6AE57763629}.Debug|x64.Build.0 = Debug|Any CPU
		{9FB446D1-D34D-4ACF-A1FB-C6AE57763629}.Debug|x86.ActiveCfg = Debug|Any CPU
		{9FB446D1-D34D-4ACF-A1FB-C6AE57763629}.Debug|x86.Build.0 = Debug|Any CPU
		{9FB446D1-D34D-4ACF-A1FB-C6AE57763629}.Release|Any CPU.ActiveCfg = Release|Any CPU
		{9FB446D1-D34D-4ACF-A1FB-C6AE57763629}.Release|Any CPU.Build.0 = Release|Any CPU
		{9FB446D1-D34D-4ACF-A1FB-C6AE57763629}.Release|x64.ActiveCfg = Release|Any CPU
		{9FB446D1-D34D-4ACF-A1FB-C6AE57763629}.Release|x64.Build.0 = Release|Any CPU
		{9FB446D1-D34D-4ACF-A1FB-C6AE57763629}.Release|x86.ActiveCfg = Release|Any CPU
		{9FB446D1-D34D-4ACF-A1FB-C6AE57763629}.Release|x86.Build.0 = Release|Any CPU
		{524B527D-2E22-40D0-A0D1-E408C59F49CD}.Debug|Any CPU.ActiveCfg = Debug|Any CPU
		{524B527D-2E22-40D0-A0D1-E408C59F49CD}.Debug|Any CPU.Build.0 = Debug|Any CPU
		{524B527D-2E22-40D0-A0D1-E408C59F49CD}.Debug|x64.ActiveCfg = Debug|Any CPU
		{524B527D-2E22-40D0-A0D1-E408C59F49CD}.Debug|x64.Build.0 = Debug|Any CPU
		{524B527D-2E22-40D0-A0D1-E408C59F49CD}.Debug|x86.ActiveCfg = Debug|Any CPU
		{524B527D-2E22-40D0-A0D1-E408C59F49CD}.Debug|x86.Build.0 = Debug|Any CPU
		{524B527D-2E22-40D0-A0D1-E408C59F49CD}.Release|Any CPU.ActiveCfg = Release|Any CPU
		{524B527D-2E22-40D0-A0D1-E408C59F49CD}.Release|Any CPU.Build.0 = Release|Any CPU
		{524B527D-2E22-40D0-A0D1-E408C59F49CD}.Release|x64.ActiveCfg = Release|Any CPU
		{524B527D-2E22-40D0-A0D1-E408C59F49CD}.Release|x64.Build.0 = Release|Any CPU
		{524B527D-2E22-40D0-A0D1-E408C59F49CD}.Release|x86.ActiveCfg = Release|Any CPU
		{524B527D-2E22-40D0-A0D1-E408C59F49CD}.Release|x86.Build.0 = Release|Any CPU
		{457C5016-6B75-4DCD-BFFE-52D5D88D939F}.Debug|Any CPU.ActiveCfg = Debug|Any CPU
		{457C5016-6B75-4DCD-BFFE-52D5D88D939F}.Debug|Any CPU.Build.0 = Debug|Any CPU
		{457C5016-6B75-4DCD-BFFE-52D5D88D939F}.Debug|x64.ActiveCfg = Debug|Any CPU
		{457C5016-6B75-4DCD-BFFE-52D5D88D939F}.Debug|x64.Build.0 = Debug|Any CPU
		{457C5016-6B75-4DCD-BFFE-52D5D88D939F}.Debug|x86.ActiveCfg = Debug|Any CPU
		{457C5016-6B75-4DCD-BFFE-52D5D88D939F}.Debug|x86.Build.0 = Debug|Any CPU
		{457C5016-6B75-4DCD-BFFE-52D5D88D939F}.Release|Any CPU.ActiveCfg = Release|Any CPU
		{457C5016-6B75-4DCD-BFFE-52D5D88D939F}.Release|Any CPU.Build.0 = Release|Any CPU
		{457C5016-6B75-4DCD-BFFE-52D5D88D939F}.Release|x64.ActiveCfg = Release|Any CPU
		{457C5016-6B75-4DCD-BFFE-52D5D88D939F}.Release|x64.Build.0 = Release|Any CPU
		{457C5016-6B75-4DCD-BFFE-52D5D88D939F}.Release|x86.ActiveCfg = Release|Any CPU
		{457C5016-6B75-4DCD-BFFE-52D5D88D939F}.Release|x86.Build.0 = Release|Any CPU
		{129B6909-C09E-4D73-A877-9262E68D62B6}.Debug|Any CPU.ActiveCfg = Debug|Any CPU
		{129B6909-C09E-4D73-A877-9262E68D62B6}.Debug|Any CPU.Build.0 = Debug|Any CPU
		{129B6909-C09E-4D73-A877-9262E68D62B6}.Debug|x64.ActiveCfg = Debug|Any CPU
		{129B6909-C09E-4D73-A877-9262E68D62B6}.Debug|x64.Build.0 = Debug|Any CPU
		{129B6909-C09E-4D73-A877-9262E68D62B6}.Debug|x86.ActiveCfg = Debug|Any CPU
		{129B6909-C09E-4D73-A877-9262E68D62B6}.Debug|x86.Build.0 = Debug|Any CPU
		{129B6909-C09E-4D73-A877-9262E68D62B6}.Release|Any CPU.ActiveCfg = Release|Any CPU
		{129B6909-C09E-4D73-A877-9262E68D62B6}.Release|Any CPU.Build.0 = Release|Any CPU
		{129B6909-C09E-4D73-A877-9262E68D62B6}.Release|x64.ActiveCfg = Release|Any CPU
		{129B6909-C09E-4D73-A877-9262E68D62B6}.Release|x64.Build.0 = Release|Any CPU
		{129B6909-C09E-4D73-A877-9262E68D62B6}.Release|x86.ActiveCfg = Release|Any CPU
		{129B6909-C09E-4D73-A877-9262E68D62B6}.Release|x86.Build.0 = Release|Any CPU
		{9D436F1A-2352-4213-8316-9B36D7E5F1F7}.Debug|Any CPU.ActiveCfg = Debug|Any CPU
		{9D436F1A-2352-4213-8316-9B36D7E5F1F7}.Debug|Any CPU.Build.0 = Debug|Any CPU
		{9D436F1A-2352-4213-8316-9B36D7E5F1F7}.Debug|x64.ActiveCfg = Debug|Any CPU
		{9D436F1A-2352-4213-8316-9B36D7E5F1F7}.Debug|x64.Build.0 = Debug|Any CPU
		{9D436F1A-2352-4213-8316-9B36D7E5F1F7}.Debug|x86.ActiveCfg = Debug|Any CPU
		{9D436F1A-2352-4213-8316-9B36D7E5F1F7}.Debug|x86.Build.0 = Debug|Any CPU
		{9D436F1A-2352-4213-8316-9B36D7E5F1F7}.Release|Any CPU.ActiveCfg = Release|Any CPU
		{9D436F1A-2352-4213-8316-9B36D7E5F1F7}.Release|Any CPU.Build.0 = Release|Any CPU
		{9D436F1A-2352-4213-8316-9B36D7E5F1F7}.Release|x64.ActiveCfg = Release|Any CPU
		{9D436F1A-2352-4213-8316-9B36D7E5F1F7}.Release|x64.Build.0 = Release|Any CPU
		{9D436F1A-2352-4213-8316-9B36D7E5F1F7}.Release|x86.ActiveCfg = Release|Any CPU
		{9D436F1A-2352-4213-8316-9B36D7E5F1F7}.Release|x86.Build.0 = Release|Any CPU
		{7BE8C878-FC96-4B0B-90A3-9B51538C7558}.Debug|Any CPU.ActiveCfg = Debug|Any CPU
		{7BE8C878-FC96-4B0B-90A3-9B51538C7558}.Debug|Any CPU.Build.0 = Debug|Any CPU
		{7BE8C878-FC96-4B0B-90A3-9B51538C7558}.Debug|x64.ActiveCfg = Debug|Any CPU
		{7BE8C878-FC96-4B0B-90A3-9B51538C7558}.Debug|x64.Build.0 = Debug|Any CPU
		{7BE8C878-FC96-4B0B-90A3-9B51538C7558}.Debug|x86.ActiveCfg = Debug|Any CPU
		{7BE8C878-FC96-4B0B-90A3-9B51538C7558}.Debug|x86.Build.0 = Debug|Any CPU
		{7BE8C878-FC96-4B0B-90A3-9B51538C7558}.Release|Any CPU.ActiveCfg = Release|Any CPU
		{7BE8C878-FC96-4B0B-90A3-9B51538C7558}.Release|Any CPU.Build.0 = Release|Any CPU
		{7BE8C878-FC96-4B0B-90A3-9B51538C7558}.Release|x64.ActiveCfg = Release|Any CPU
		{7BE8C878-FC96-4B0B-90A3-9B51538C7558}.Release|x64.Build.0 = Release|Any CPU
		{7BE8C878-FC96-4B0B-90A3-9B51538C7558}.Release|x86.ActiveCfg = Release|Any CPU
		{7BE8C878-FC96-4B0B-90A3-9B51538C7558}.Release|x86.Build.0 = Release|Any CPU
		{5AED6BE5-73C8-4FF0-97EA-11F8B4E3B18D}.Debug|Any CPU.ActiveCfg = Debug|Any CPU
		{5AED6BE5-73C8-4FF0-97EA-11F8B4E3B18D}.Debug|Any CPU.Build.0 = Debug|Any CPU
		{5AED6BE5-73C8-4FF0-97EA-11F8B4E3B18D}.Debug|x64.ActiveCfg = Debug|Any CPU
		{5AED6BE5-73C8-4FF0-97EA-11F8B4E3B18D}.Debug|x64.Build.0 = Debug|Any CPU
		{5AED6BE5-73C8-4FF0-97EA-11F8B4E3B18D}.Debug|x86.ActiveCfg = Debug|Any CPU
		{5AED6BE5-73C8-4FF0-97EA-11F8B4E3B18D}.Debug|x86.Build.0 = Debug|Any CPU
		{5AED6BE5-73C8-4FF0-97EA-11F8B4E3B18D}.Release|Any CPU.ActiveCfg = Release|Any CPU
		{5AED6BE5-73C8-4FF0-97EA-11F8B4E3B18D}.Release|Any CPU.Build.0 = Release|Any CPU
		{5AED6BE5-73C8-4FF0-97EA-11F8B4E3B18D}.Release|x64.ActiveCfg = Release|Any CPU
		{5AED6BE5-73C8-4FF0-97EA-11F8B4E3B18D}.Release|x64.Build.0 = Release|Any CPU
		{5AED6BE5-73C8-4FF0-97EA-11F8B4E3B18D}.Release|x86.ActiveCfg = Release|Any CPU
		{5AED6BE5-73C8-4FF0-97EA-11F8B4E3B18D}.Release|x86.Build.0 = Release|Any CPU
	EndGlobalSection
EndGlobal
