
Microsoft Visual Studio Solution File, Format Version 12.00
Project("{FAE04EC0-301F-11D3-BF4B-00C04F79EFBC}") = "ServiceAccountCLI", "ServiceAccountCLI\ServiceAccountCLI.csproj", "{C53E64DC-94F4-4CD1-84A7-54C87BF1A4C7}"
EndProject
Global
	GlobalSection(SolutionConfigurationPlatforms) = preSolution
		Debug|Any CPU = Debug|Any CPU
		Release|Any CPU = Release|Any CPU
	EndGlobalSection
	GlobalSection(ProjectConfigurationPlatforms) = postSolution
		{C53E64DC-94F4-4CD1-84A7-54C87BF1A4C7}.Debug|Any CPU.ActiveCfg = Debug|Any CPU
		{C53E64DC-94F4-4CD1-84A7-54C87BF1A4C7}.Debug|Any CPU.Build.0 = Debug|Any CPU
		{C53E64DC-94F4-4CD1-84A7-54C87BF1A4C7}.Release|Any CPU.ActiveCfg = Release|Any CPU
		{C53E64DC-94F4-4CD1-84A7-54C87BF1A4C7}.Release|Any CPU.Build.0 = Release|Any CPU
	EndGlobalSection
EndGlobal
